// !$*UTF8*$!
{
	archiveVersion = 1;
	classes = {
	};
	objectVersion = 48;
	objects = {

/* Begin PBXBuildFile section */
		F448E8B51F2E209B009CD577 /* AppDelegate.swift in Sources */ = {isa = PBXBuildFile; fileRef = F448E8B41F2E209B009CD577 /* AppDelegate.swift */; };
		F448E8B71F2E209B009CD577 /* ViewController.swift in Sources */ = {isa = PBXBuildFile; fileRef = F448E8B61F2E209B009CD577 /* ViewController.swift */; };
		F448E8BA1F2E209B009CD577 /* Main.storyboard in Resources */ = {isa = PBXBuildFile; fileRef = F448E8B81F2E209B009CD577 /* Main.storyboard */; };
		F448E8BC1F2E209B009CD577 /* Assets.xcassets in Resources */ = {isa = PBXBuildFile; fileRef = F448E8BB1F2E209B009CD577 /* Assets.xcassets */; };
		F448E8BF1F2E209B009CD577 /* LaunchScreen.storyboard in Resources */ = {isa = PBXBuildFile; fileRef = F448E8BD1F2E209B009CD577 /* LaunchScreen.storyboard */; };
		F448E8D11F2E20EB009CD577 /* Assembly.swift in Sources */ = {isa = PBXBuildFile; fileRef = F448E8CA1F2E20BC009CD577 /* Assembly.swift */; };
		F448E8D21F2E20EB009CD577 /* AssemblyFactory.swift in Sources */ = {isa = PBXBuildFile; fileRef = F448E8CB1F2E20BC009CD577 /* AssemblyFactory.swift */; };
		F448E8D31F2E20EB009CD577 /* DependencyContainer.swift in Sources */ = {isa = PBXBuildFile; fileRef = F448E8CC1F2E20BC009CD577 /* DependencyContainer.swift */; };
		F448E8D41F2E20EB009CD577 /* ObjectKey.swift in Sources */ = {isa = PBXBuildFile; fileRef = F448E8CD1F2E20BC009CD577 /* ObjectKey.swift */; };
		F448E8D51F2E20EB009CD577 /* StrongBox.swift in Sources */ = {isa = PBXBuildFile; fileRef = F448E8CE1F2E20BC009CD577 /* StrongBox.swift */; };
		F448E8D61F2E20EB009CD577 /* WeakBox.swift in Sources */ = {isa = PBXBuildFile; fileRef = F448E8CF1F2E20BC009CD577 /* WeakBox.swift */; };
		F448E8D71F2E20EB009CD577 /* WeakContainer.swift in Sources */ = {isa = PBXBuildFile; fileRef = F448E8D01F2E20BC009CD577 /* WeakContainer.swift */; };
		F448E8D81F2E20EE009CD577 /* SomeModuleAssembly.swift in Sources */ = {isa = PBXBuildFile; fileRef = F448E8C71F2E20B0009CD577 /* SomeModuleAssembly.swift */; };
		F448E8D91F2E20EE009CD577 /* SomeServiceAssembly.swift in Sources */ = {isa = PBXBuildFile; fileRef = F448E8C81F2E20B0009CD577 /* SomeServiceAssembly.swift */; };
/* End PBXBuildFile section */

/* Begin PBXFileReference section */
		F448E8B11F2E209B009CD577 /* LigthDI.app */ = {isa = PBXFileReference; explicitFileType = wrapper.application; includeInIndex = 0; path = LigthDI.app; sourceTree = BUILT_PRODUCTS_DIR; };
		F448E8B41F2E209B009CD577 /* AppDelegate.swift */ = {isa = PBXFileReference; lastKnownFileType = sourcecode.swift; path = AppDelegate.swift; sourceTree = "<group>"; };
		F448E8B61F2E209B009CD577 /* ViewController.swift */ = {isa = PBXFileReference; lastKnownFileType = sourcecode.swift; path = ViewController.swift; sourceTree = "<group>"; };
		F448E8B91F2E209B009CD577 /* Base */ = {isa = PBXFileReference; lastKnownFileType = file.storyboard; name = Base; path = Base.lproj/Main.storyboard; sourceTree = "<group>"; };
		F448E8BB1F2E209B009CD577 /* Assets.xcassets */ = {isa = PBXFileReference; lastKnownFileType = folder.assetcatalog; path = Assets.xcassets; sourceTree = "<group>"; };
		F448E8BE1F2E209B009CD577 /* Base */ = {isa = PBXFileReference; lastKnownFileType = file.storyboard; name = Base; path = Base.lproj/LaunchScreen.storyboard; sourceTree = "<group>"; };
		F448E8C01F2E209B009CD577 /* Info.plist */ = {isa = PBXFileReference; lastKnownFileType = text.plist.xml; path = Info.plist; sourceTree = "<group>"; };
		F448E8C71F2E20B0009CD577 /* SomeModuleAssembly.swift */ = {isa = PBXFileReference; lastKnownFileType = sourcecode.swift; path = SomeModuleAssembly.swift; sourceTree = "<group>"; };
		F448E8C81F2E20B0009CD577 /* SomeServiceAssembly.swift */ = {isa = PBXFileReference; lastKnownFileType = sourcecode.swift; path = SomeServiceAssembly.swift; sourceTree = "<group>"; };
		F448E8CA1F2E20BC009CD577 /* Assembly.swift */ = {isa = PBXFileReference; lastKnownFileType = sourcecode.swift; path = Assembly.swift; sourceTree = "<group>"; };
		F448E8CB1F2E20BC009CD577 /* AssemblyFactory.swift */ = {isa = PBXFileReference; lastKnownFileType = sourcecode.swift; path = AssemblyFactory.swift; sourceTree = "<group>"; };
		F448E8CC1F2E20BC009CD577 /* DependencyContainer.swift */ = {isa = PBXFileReference; lastKnownFileType = sourcecode.swift; path = DependencyContainer.swift; sourceTree = "<group>"; };
		F448E8CD1F2E20BC009CD577 /* ObjectKey.swift */ = {isa = PBXFileReference; lastKnownFileType = sourcecode.swift; path = ObjectKey.swift; sourceTree = "<group>"; };
		F448E8CE1F2E20BC009CD577 /* StrongBox.swift */ = {isa = PBXFileReference; lastKnownFileType = sourcecode.swift; path = StrongBox.swift; sourceTree = "<group>"; };
		F448E8CF1F2E20BC009CD577 /* WeakBox.swift */ = {isa = PBXFileReference; lastKnownFileType = sourcecode.swift; path = WeakBox.swift; sourceTree = "<group>"; };
		F448E8D01F2E20BC009CD577 /* WeakContainer.swift */ = {isa = PBXFileReference; lastKnownFileType = sourcecode.swift; path = WeakContainer.swift; sourceTree = "<group>"; };
/* End PBXFileReference section */

/* Begin PBXFrameworksBuildPhase section */
		F448E8AE1F2E209B009CD577 /* Frameworks */ = {
			isa = PBXFrameworksBuildPhase;
			buildActionMask = 2147483647;
			files = (
			);
			runOnlyForDeploymentPostprocessing = 0;
		};
/* End PBXFrameworksBuildPhase section */

/* Begin PBXGroup section */
		F448E8A81F2E209B009CD577 = {
			isa = PBXGroup;
			children = (
				F448E8B31F2E209B009CD577 /* LigthDI */,
				F448E8B21F2E209B009CD577 /* Products */,
			);
			sourceTree = "<group>";
		};
		F448E8B21F2E209B009CD577 /* Products */ = {
			isa = PBXGroup;
			children = (
				F448E8B11F2E209B009CD577 /* LigthDI.app */,
			);
			name = Products;
			sourceTree = "<group>";
		};
		F448E8B31F2E209B009CD577 /* LigthDI */ = {
			isa = PBXGroup;
			children = (
				F448E8C61F2E20B0009CD577 /* Assembly */,
				F448E8C91F2E20BC009CD577 /* Container */,
				F448E8B41F2E209B009CD577 /* AppDelegate.swift */,
				F448E8B61F2E209B009CD577 /* ViewController.swift */,
				F448E8B81F2E209B009CD577 /* Main.storyboard */,
				F448E8BB1F2E209B009CD577 /* Assets.xcassets */,
				F448E8BD1F2E209B009CD577 /* LaunchScreen.storyboard */,
				F448E8C01F2E209B009CD577 /* Info.plist */,
			);
			path = LigthDI;
			sourceTree = "<group>";
		};
		F448E8C61F2E20B0009CD577 /* Assembly */ = {
			isa = PBXGroup;
			children = (
				F448E8C71F2E20B0009CD577 /* SomeModuleAssembly.swift */,
				F448E8C81F2E20B0009CD577 /* SomeServiceAssembly.swift */,
			);
			path = Assembly;
			sourceTree = "<group>";
		};
		F448E8C91F2E20BC009CD577 /* Container */ = {
			isa = PBXGroup;
			children = (
				F448E8CA1F2E20BC009CD577 /* Assembly.swift */,
				F448E8CB1F2E20BC009CD577 /* AssemblyFactory.swift */,
				F448E8CC1F2E20BC009CD577 /* DependencyContainer.swift */,
				F448E8CD1F2E20BC009CD577 /* ObjectKey.swift */,
				F448E8CE1F2E20BC009CD577 /* StrongBox.swift */,
				F448E8CF1F2E20BC009CD577 /* WeakBox.swift */,
				F448E8D01F2E20BC009CD577 /* WeakContainer.swift */,
			);
			path = Container;
			sourceTree = "<group>";
		};
/* End PBXGroup section */

/* Begin PBXNativeTarget section */
		F448E8B01F2E209B009CD577 /* LigthDI */ = {
			isa = PBXNativeTarget;
			buildConfigurationList = F448E8C31F2E209B009CD577 /* Build configuration list for PBXNativeTarget "LigthDI" */;
			buildPhases = (
				F448E8AD1F2E209B009CD577 /* Sources */,
				F448E8AE1F2E209B009CD577 /* Frameworks */,
				F448E8AF1F2E209B009CD577 /* Resources */,
			);
			buildRules = (
			);
			dependencies = (
			);
			name = LigthDI;
			productName = LigthDI;
			productReference = F448E8B11F2E209B009CD577 /* LigthDI.app */;
			productType = "com.apple.product-type.application";
		};
/* End PBXNativeTarget section */

/* Begin PBXProject section */
		F448E8A91F2E209B009CD577 /* Project object */ = {
			isa = PBXProject;
			attributes = {
				LastSwiftUpdateCheck = 0900;
				LastUpgradeCheck = 0900;
				ORGANIZATIONNAME = "Artemev Aleksey";
				TargetAttributes = {
					F448E8B01F2E209B009CD577 = {
						CreatedOnToolsVersion = 9.0;
					};
				};
			};
			buildConfigurationList = F448E8AC1F2E209B009CD577 /* Build configuration list for PBXProject "LigthDI" */;
			compatibilityVersion = "Xcode 8.0";
			developmentRegion = en;
			hasScannedForEncodings = 0;
			knownRegions = (
				en,
				Base,
			);
			mainGroup = F448E8A81F2E209B009CD577;
			productRefGroup = F448E8B21F2E209B009CD577 /* Products */;
			projectDirPath = "";
			projectRoot = "";
			targets = (
				F448E8B01F2E209B009CD577 /* LigthDI */,
			);
		};
/* End PBXProject section */

/* Begin PBXResourcesBuildPhase section */
		F448E8AF1F2E209B009CD577 /* Resources */ = {
			isa = PBXResourcesBuildPhase;
			buildActionMask = 2147483647;
			files = (
				F448E8BF1F2E209B009CD577 /* LaunchScreen.storyboard in Resources */,
				F448E8BC1F2E209B009CD577 /* Assets.xcassets in Resources */,
				F448E8BA1F2E209B009CD577 /* Main.storyboard in Resources */,
			);
			runOnlyForDeploymentPostprocessing = 0;
		};
/* End PBXResourcesBuildPhase section */

/* Begin PBXSourcesBuildPhase section */
		F448E8AD1F2E209B009CD577 /* Sources */ = {
			isa = PBXSourcesBuildPhase;
			buildActionMask = 2147483647;
			files = (
				F448E8D51F2E20EB009CD577 /* StrongBox.swift in Sources */,
				F448E8D61F2E20EB009CD577 /* WeakBox.swift in Sources */,
				F448E8D21F2E20EB009CD577 /* AssemblyFactory.swift in Sources */,
				F448E8D31F2E20EB009CD577 /* DependencyContainer.swift in Sources */,
				F448E8B71F2E209B009CD577 /* ViewController.swift in Sources */,
				F448E8D71F2E20EB009CD577 /* WeakContainer.swift in Sources */,
				F448E8D11F2E20EB009CD577 /* Assembly.swift in Sources */,
				F448E8D41F2E20EB009CD577 /* ObjectKey.swift in Sources */,
				F448E8D91F2E20EE009CD577 /* SomeServiceAssembly.swift in Sources */,
				F448E8B51F2E209B009CD577 /* AppDelegate.swift in Sources */,
				F448E8D81F2E20EE009CD577 /* SomeModuleAssembly.swift in Sources */,
			);
			runOnlyForDeploymentPostprocessing = 0;
		};
/* End PBXSourcesBuildPhase section */

/* Begin PBXVariantGroup section */
		F448E8B81F2E209B009CD577 /* Main.storyboard */ = {
			isa = PBXVariantGroup;
			children = (
				F448E8B91F2E209B009CD577 /* Base */,
			);
			name = Main.storyboard;
			sourceTree = "<group>";
		};
		F448E8BD1F2E209B009CD577 /* LaunchScreen.storyboard */ = {
			isa = PBXVariantGroup;
			children = (
				F448E8BE1F2E209B009CD577 /* Base */,
			);
			name = LaunchScreen.storyboard;
			sourceTree = "<group>";
		};
/* End PBXVariantGroup section */

/* Begin XCBuildConfiguration section */
		F448E8C11F2E209B009CD577 /* Debug */ = {
			isa = XCBuildConfiguration;
			buildSettings = {
				ALWAYS_SEARCH_USER_PATHS = NO;
				CLANG_ANALYZER_NONNULL = YES;
				CLANG_ANALYZER_NUMBER_OBJECT_CONVERSION = YES_AGGRESSIVE;
				CLANG_CXX_LANGUAGE_STANDARD = "gnu++14";
				CLANG_CXX_LIBRARY = "libc++";
				CLANG_ENABLE_MODULES = YES;
				CLANG_ENABLE_OBJC_ARC = YES;
				CLANG_WARN_BLOCK_CAPTURE_AUTORELEASING = YES;
				CLANG_WARN_BOOL_CONVERSION = YES;
				CLANG_WARN_COMMA = YES;
				CLANG_WARN_CONSTANT_CONVERSION = YES;
				CLANG_WARN_DIRECT_OBJC_ISA_USAGE = YES_ERROR;
				CLANG_WARN_DOCUMENTATION_COMMENTS = YES;
				CLANG_WARN_EMPTY_BODY = YES;
				CLANG_WARN_ENUM_CONVERSION = YES;
				CLANG_WARN_INFINITE_RECURSION = YES;
				CLANG_WARN_INT_CONVERSION = YES;
				CLANG_WARN_NON_LITERAL_NULL_CONVERSION = YES;
				CLANG_WARN_OBJC_LITERAL_CONVERSION = YES;
				CLANG_WARN_OBJC_ROOT_CLASS = YES_ERROR;
				CLANG_WARN_RANGE_LOOP_ANALYSIS = YES;
				CLANG_WARN_STRICT_PROTOTYPES = YES;
				CLANG_WARN_SUSPICIOUS_MOVE = YES;
				CLANG_WARN_UNGUARDED_AVAILABILITY = YES_AGGRESSIVE;
				CLANG_WARN_UNREACHABLE_CODE = YES;
				CLANG_WARN__DUPLICATE_METHOD_MATCH = YES;
				CODE_SIGN_IDENTITY = "iPhone Developer";
				COPY_PHASE_STRIP = NO;
				DEBUG_INFORMATION_FORMAT = dwarf;
				ENABLE_STRICT_OBJC_MSGSEND = YES;
				ENABLE_TESTABILITY = YES;
				GCC_C_LANGUAGE_STANDARD = gnu11;
				GCC_DYNAMIC_NO_PIC = NO;
				GCC_NO_COMMON_BLOCKS = YES;
				GCC_OPTIMIZATION_LEVEL = 0;
				GCC_PREPROCESSOR_DEFINITIONS = (
					"DEBUG=1",
					"$(inherited)",
				);
				GCC_WARN_64_TO_32_BIT_CONVERSION = YES;
				GCC_WARN_ABOUT_RETURN_TYPE = YES_ERROR;
				GCC_WARN_UNDECLARED_SELECTOR = YES;
				GCC_WARN_UNINITIALIZED_AUTOS = YES_AGGRESSIVE;
				GCC_WARN_UNUSED_FUNCTION = YES;
				GCC_WARN_UNUSED_VARIABLE = YES;
				IPHONEOS_DEPLOYMENT_TARGET = 11.0;
				MTL_ENABLE_DEBUG_INFO = YES;
				ONLY_ACTIVE_ARCH = YES;
				SDKROOT = iphoneos;
				SWIFT_ACTIVE_COMPILATION_CONDITIONS = DEBUG;
				SWIFT_OPTIMIZATION_LEVEL = "-Onone";
			};
			name = Debug;
		};
		F448E8C21F2E209B009CD577 /* Release */ = {
			isa = XCBuildConfiguration;
			buildSettings = {
				ALWAYS_SEARCH_USER_PATHS = NO;
				CLANG_ANALYZER_NONNULL = YES;
				CLANG_ANALYZER_NUMBER_OBJECT_CONVERSION = YES_AGGRESSIVE;
				CLANG_CXX_LANGUAGE_STANDARD = "gnu++14";
				CLANG_CXX_LIBRARY = "libc++";
				CLANG_ENABLE_MODULES = YES;
				CLANG_ENABLE_OBJC_ARC = YES;
				CLANG_WARN_BLOCK_CAPTURE_AUTORELEASING = YES;
				CLANG_WARN_BOOL_CONVERSION = YES;
				CLANG_WARN_COMMA = YES;
				CLANG_WARN_CONSTANT_CONVERSION = YES;
				CLANG_WARN_DIRECT_OBJC_ISA_USAGE = YES_ERROR;
				CLANG_WARN_DOCUMENTATION_COMMENTS = YES;
				CLANG_WARN_EMPTY_BODY = YES;
				CLANG_WARN_ENUM_CONVERSION = YES;
				CLANG_WARN_INFINITE_RECURSION = YES;
				CLANG_WARN_INT_CONVERSION = YES;
				CLANG_WARN_NON_LITERAL_NULL_CONVERSION = YES;
				CLANG_WARN_OBJC_LITERAL_CONVERSION = YES;
				CLANG_WARN_OBJC_ROOT_CLASS = YES_ERROR;
				CLANG_WARN_RANGE_LOOP_ANALYSIS = YES;
				CLANG_WARN_STRICT_PROTOTYPES = YES;
				CLANG_WARN_SUSPICIOUS_MOVE = YES;
				CLANG_WARN_UNGUARDED_AVAILABILITY = YES_AGGRESSIVE;
				CLANG_WARN_UNREACHABLE_CODE = YES;
				CLANG_WARN__DUPLICATE_METHOD_MATCH = YES;
				CODE_SIGN_IDENTITY = "iPhone Developer";
				COPY_PHASE_STRIP = NO;
				DEBUG_INFORMATION_FORMAT = "dwarf-with-dsym";
				ENABLE_NS_ASSERTIONS = NO;
				ENABLE_STRICT_OBJC_MSGSEND = YES;
				GCC_C_LANGUAGE_STANDARD = gnu11;
				GCC_NO_COMMON_BLOCKS = YES;
				GCC_WARN_64_TO_32_BIT_CONVERSION = YES;
				GCC_WARN_ABOUT_RETURN_TYPE = YES_ERROR;
				GCC_WARN_UNDECLARED_SELECTOR = YES;
				GCC_WARN_UNINITIALIZED_AUTOS = YES_AGGRESSIVE;
				GCC_WARN_UNUSED_FUNCTION = YES;
				GCC_WARN_UNUSED_VARIABLE = YES;
				IPHONEOS_DEPLOYMENT_TARGET = 11.0;
				MTL_ENABLE_DEBUG_INFO = NO;
				SDKROOT = iphoneos;
				SWIFT_OPTIMIZATION_LEVEL = "-Owholemodule";
				VALIDATE_PRODUCT = YES;
			};
			name = Release;
		};
		F448E8C41F2E209B009CD577 /* Debug */ = {
			isa = XCBuildConfiguration;
			buildSettings = {
				ASSETCATALOG_COMPILER_APPICON_NAME = AppIcon;
				DEVELOPMENT_TEAM = ZC9UES3W9Y;
				INFOPLIST_FILE = LigthDI/Info.plist;
				LD_RUNPATH_SEARCH_PATHS = "$(inherited) @executable_path/Frameworks";
				PRODUCT_BUNDLE_IDENTIFIER = bartleby.LigthDI;
				PRODUCT_NAME = "$(TARGET_NAME)";
				SWIFT_VERSION = 4.0;
				TARGETED_DEVICE_FAMILY = "1,2";
			};
			name = Debug;
		};
		F448E8C51F2E209B009CD577 /* Release */ = {
			isa = XCBuildConfiguration;
			buildSettings = {
				ASSETCATALOG_COMPILER_APPICON_NAME = AppIcon;
				DEVELOPMENT_TEAM = ZC9UES3W9Y;
				INFOPLIST_FILE = LigthDI/Info.plist;
				LD_RUNPATH_SEARCH_PATHS = "$(inherited) @executable_path/Frameworks";
				PRODUCT_BUNDLE_IDENTIFIER = bartleby.LigthDI;
				PRODUCT_NAME = "$(TARGET_NAME)";
				SWIFT_VERSION = 4.0;
				TARGETED_DEVICE_FAMILY = "1,2";
			};
			name = Release;
		};
/* End XCBuildConfiguration section */

/* Begin XCConfigurationList section */
		F448E8AC1F2E209B009CD577 /* Build configuration list for PBXProject "LigthDI" */ = {
			isa = XCConfigurationList;
			buildConfigurations = (
				F448E8C11F2E209B009CD577 /* Debug */,
				F448E8C21F2E209B009CD577 /* Release */,
			);
			defaultConfigurationIsVisible = 0;
			defaultConfigurationName = Release;
		};
		F448E8C31F2E209B009CD577 /* Build configuration list for PBXNativeTarget "LigthDI" */ = {
			isa = XCConfigurationList;
			buildConfigurations = (
				F448E8C41F2E209B009CD577 /* Debug */,
				F448E8C51F2E209B009CD577 /* Release */,
			);
			defaultConfigurationIsVisible = 0;
			defaultConfigurationName = Release;
		};
/* End XCConfigurationList section */
	};
	rootObject = F448E8A91F2E209B009CD577 /* Project object */;
}
